
Microsoft Visual Studio Solution File, Format Version 12.00
# Visual Studio Version 16
VisualStudioVersion = 16.0.30611.23
MinimumVisualStudioVersion = 10.0.40219.1
Project("{FAE04EC0-301F-11D3-BF4B-00C04F79EFBC}") = "BancoTEC", "BancoTEC.csproj", "{8127DD9D-0CF7-4913-9F57-2AA528D5F5FB}"
EndProject
Global
	GlobalSection(SolutionConfigurationPlatforms) = preSolution
		Debug|Any CPU = Debug|Any CPU
		Release|Any CPU = Release|Any CPU
	EndGlobalSection
	GlobalSection(ProjectConfigurationPlatforms) = postSolution
		{8127DD9D-0CF7-4913-9F57-2AA528D5F5FB}.Debug|Any CPU.ActiveCfg = Debug|Any CPU
		{8127DD9D-0CF7-4913-9F57-2AA528D5F5FB}.Debug|Any CPU.Build.0 = Debug|Any CPU
		{8127DD9D-0CF7-4913-9F57-2AA528D5F5FB}.Release|Any CPU.ActiveCfg = Release|Any CPU
		{8127DD9D-0CF7-4913-9F57-2AA528D5F5FB}.Release|Any CPU.Build.0 = Release|Any CPU
	EndGlobalSection
	GlobalSection(SolutionProperties) = preSolution
		HideSolutionNode = FALSE
	EndGlobalSection
	GlobalSection(ExtensibilityGlobals) = postSolution
		SolutionGuid = {499DF670-2E69-447D-8AE5-2806D2A8CE13}
	EndGlobalSection
EndGlobal
